
Microsoft Visual Studio Solution File, Format Version 12.00
# Visual Studio 15
Project("{FAE04EC0-301F-11D3-BF4B-00C04F79EFBC}") = "SelfHostedAssistant", "SelfHostedAssistant\SelfHostedAssistant.csproj", "{270AE05B-9FF1-4797-AC7F-897FC9F3539F}"
EndProject
Global
	GlobalSection(SolutionConfigurationPlatforms) = preSolution
		Debug|Any CPU = Debug|Any CPU
		Release|Any CPU = Release|Any CPU
	EndGlobalSection
	GlobalSection(ProjectConfigurationPlatforms) = postSolution
		{270AE05B-9FF1-4797-AC7F-897FC9F3539F}.Debug|Any CPU.ActiveCfg = Debug|Any CPU
		{270AE05B-9FF1-4797-AC7F-897FC9F3539F}.Debug|Any CPU.Build.0 = Debug|Any CPU
		{270AE05B-9FF1-4797-AC7F-897FC9F3539F}.Release|Any CPU.ActiveCfg = Release|Any CPU
		{270AE05B-9FF1-4797-AC7F-897FC9F3539F}.Release|Any CPU.Build.0 = Release|Any CPU
	EndGlobalSection
EndGlobal
